// !$*UTF8*$!
{
	archiveVersion = 1;
	classes = {
	};
	objectVersion = 51;
	objects = {

/* Begin PBXBuildFile section */
		05B6054326F8D75700523B4D /* ChannelsTableViewCell.swift in Sources */ = {isa = PBXBuildFile; fileRef = 05B6054126F8D75700523B4D /* ChannelsTableViewCell.swift */; };
		05B6054426F8D75700523B4D /* ChannelsTableViewCell.xib in Resources */ = {isa = PBXBuildFile; fileRef = 05B6054226F8D75700523B4D /* ChannelsTableViewCell.xib */; };
		05B6054B26F8D9D500523B4D /* ChannelsCollectionViewCell.swift in Sources */ = {isa = PBXBuildFile; fileRef = 05B6054926F8D9D500523B4D /* ChannelsCollectionViewCell.swift */; };
		05B6054C26F8D9D500523B4D /* ChannelsCollectionViewCell.xib in Resources */ = {isa = PBXBuildFile; fileRef = 05B6054A26F8D9D500523B4D /* ChannelsCollectionViewCell.xib */; };
		05B6055126F8DA7C00523B4D /* UITableView+Extension.swift in Sources */ = {isa = PBXBuildFile; fileRef = 05B6055026F8DA7C00523B4D /* UITableView+Extension.swift */; };
		05B6055726F8E4D200523B4D /* CategoriesTableViewCell.swift in Sources */ = {isa = PBXBuildFile; fileRef = 05B6055526F8E4D200523B4D /* CategoriesTableViewCell.swift */; };
		05B6055826F8E4D200523B4D /* CategoriesTableViewCell.xib in Resources */ = {isa = PBXBuildFile; fileRef = 05B6055626F8E4D200523B4D /* CategoriesTableViewCell.xib */; };
		05B6055E26F90B3A00523B4D /* MediaTableViewCell.swift in Sources */ = {isa = PBXBuildFile; fileRef = 05B6055C26F90B3A00523B4D /* MediaTableViewCell.swift */; };
		05B6055F26F90B3A00523B4D /* MediaTableViewCell.xib in Resources */ = {isa = PBXBuildFile; fileRef = 05B6055D26F90B3A00523B4D /* MediaTableViewCell.xib */; };
		05B6056926F90D5F00523B4D /* MediaCollectionViewCell.swift in Sources */ = {isa = PBXBuildFile; fileRef = 05B6056726F90D5F00523B4D /* MediaCollectionViewCell.swift */; };
		05B6056A26F90D5F00523B4D /* MediaCollectionViewCell.xib in Resources */ = {isa = PBXBuildFile; fileRef = 05B6056826F90D5F00523B4D /* MediaCollectionViewCell.xib */; };
		05D958B926F7710D00292293 /* AppDelegate.swift in Sources */ = {isa = PBXBuildFile; fileRef = 05D958B826F7710D00292293 /* AppDelegate.swift */; };
		05D958BB26F7710D00292293 /* SceneDelegate.swift in Sources */ = {isa = PBXBuildFile; fileRef = 05D958BA26F7710D00292293 /* SceneDelegate.swift */; };
		05D958BD26F7710D00292293 /* HomeViewController.swift in Sources */ = {isa = PBXBuildFile; fileRef = 05D958BC26F7710D00292293 /* HomeViewController.swift */; };
		05D958C026F7710D00292293 /* Main.storyboard in Resources */ = {isa = PBXBuildFile; fileRef = 05D958BE26F7710D00292293 /* Main.storyboard */; };
		05D958C526F7710E00292293 /* Assets.xcassets in Resources */ = {isa = PBXBuildFile; fileRef = 05D958C426F7710E00292293 /* Assets.xcassets */; };
		05D958C826F7710E00292293 /* LaunchScreen.storyboard in Resources */ = {isa = PBXBuildFile; fileRef = 05D958C626F7710E00292293 /* LaunchScreen.storyboard */; };
		05D958D326F7710E00292293 /* MoviesAppTask_GizaSysTests.swift in Sources */ = {isa = PBXBuildFile; fileRef = 05D958D226F7710E00292293 /* MoviesAppTask_GizaSysTests.swift */; };
		05D958DE26F7710E00292293 /* MoviesAppTask_GizaSysUITests.swift in Sources */ = {isa = PBXBuildFile; fileRef = 05D958DD26F7710E00292293 /* MoviesAppTask_GizaSysUITests.swift */; };
		05D958F526F77B9C00292293 /* HomePresenter.swift in Sources */ = {isa = PBXBuildFile; fileRef = 05D958F426F77B9C00292293 /* HomePresenter.swift */; };
		05D958FD26F77BA900292293 /* HomeInteractor.swift in Sources */ = {isa = PBXBuildFile; fileRef = 05D958FC26F77BA900292293 /* HomeInteractor.swift */; };
		05D9590226F77BB900292293 /* HomeRouter.swift in Sources */ = {isa = PBXBuildFile; fileRef = 05D9590126F77BB900292293 /* HomeRouter.swift */; };
		05D9590726F7826500292293 /* NetworkManager.swift in Sources */ = {isa = PBXBuildFile; fileRef = 05D9590626F7826500292293 /* NetworkManager.swift */; };
		05D9591026F7831100292293 /* CoreDataManager.swift in Sources */ = {isa = PBXBuildFile; fileRef = 05D9590F26F7831100292293 /* CoreDataManager.swift */; };
		05D9591826F7A43700292293 /* MoviesRequestFactory.swift in Sources */ = {isa = PBXBuildFile; fileRef = 05D9591726F7A43700292293 /* MoviesRequestFactory.swift */; };
		05D9592926F7AD8000292293 /* categories.swift in Sources */ = {isa = PBXBuildFile; fileRef = 05D9592826F7AD8000292293 /* categories.swift */; };
		05D9593426F7BFB000292293 /* Constants.swift in Sources */ = {isa = PBXBuildFile; fileRef = 05D9593326F7BFB000292293 /* Constants.swift */; };
		05D9593A26F7C0D400292293 /* Array + Extension.swift in Sources */ = {isa = PBXBuildFile; fileRef = 05D9593926F7C0D400292293 /* Array + Extension.swift */; };
		05D9593F26F7C1AB00292293 /* Channel.swift in Sources */ = {isa = PBXBuildFile; fileRef = 05D9593E26F7C1AB00292293 /* Channel.swift */; };
		05D9594426F7D69600292293 /* Media.swift in Sources */ = {isa = PBXBuildFile; fileRef = 05D9594326F7D69600292293 /* Media.swift */; };
		05EE3CE726FB317900ABEDB8 /* DetailsViewController.swift in Sources */ = {isa = PBXBuildFile; fileRef = 05EE3CE626FB317900ABEDB8 /* DetailsViewController.swift */; };
		05EE3CEC26FB320D00ABEDB8 /* DetailsPresenter.swift in Sources */ = {isa = PBXBuildFile; fileRef = 05EE3CEB26FB320D00ABEDB8 /* DetailsPresenter.swift */; };
		05EE3D1126FB950F00ABEDB8 /* ChannelDetailsPresenter.swift in Sources */ = {isa = PBXBuildFile; fileRef = 05EE3D1026FB950F00ABEDB8 /* ChannelDetailsPresenter.swift */; };
		05FCDB1126FA2AD700007C94 /* MoviesApp.xcdatamodeld in Sources */ = {isa = PBXBuildFile; fileRef = 05FCDB0F26FA2AD700007C94 /* MoviesApp.xcdatamodeld */; };
		82FBB17C2CBFD9D5C9264327 /* Pods_MoviesAppTask_GizaSysTests.framework in Frameworks */ = {isa = PBXBuildFile; fileRef = 99E32BE82EDB5CEFA1103C21 /* Pods_MoviesAppTask_GizaSysTests.framework */; };
		A07EB09D0206E05B1CD1615E /* Pods_MoviesAppTask_GizaSys.framework in Frameworks */ = {isa = PBXBuildFile; fileRef = ED1BC9D2FD9AFCB0F623D178 /* Pods_MoviesAppTask_GizaSys.framework */; };
		C2B32F0325681ECD8CB45F83 /* Pods_MoviesAppTask_GizaSys_MoviesAppTask_GizaSysUITests.framework in Frameworks */ = {isa = PBXBuildFile; fileRef = 76328C2C20E60FFC8D2DB344 /* Pods_MoviesAppTask_GizaSys_MoviesAppTask_GizaSysUITests.framework */; };
/* End PBXBuildFile section */

/* Begin PBXContainerItemProxy section */
		05D958CF26F7710E00292293 /* PBXContainerItemProxy */ = {
			isa = PBXContainerItemProxy;
			containerPortal = 05D958AD26F7710D00292293 /* Project object */;
			proxyType = 1;
			remoteGlobalIDString = 05D958B426F7710D00292293;
			remoteInfo = MoviesAppTask_GizaSys;
		};
		05D958DA26F7710E00292293 /* PBXContainerItemProxy */ = {
			isa = PBXContainerItemProxy;
			containerPortal = 05D958AD26F7710D00292293 /* Project object */;
			proxyType = 1;
			remoteGlobalIDString = 05D958B426F7710D00292293;
			remoteInfo = MoviesAppTask_GizaSys;
		};
/* End PBXContainerItemProxy section */

/* Begin PBXFileReference section */
		05B6054126F8D75700523B4D /* ChannelsTableViewCell.swift */ = {isa = PBXFileReference; lastKnownFileType = sourcecode.swift; path = ChannelsTableViewCell.swift; sourceTree = "<group>"; };
		05B6054226F8D75700523B4D /* ChannelsTableViewCell.xib */ = {isa = PBXFileReference; lastKnownFileType = file.xib; path = ChannelsTableViewCell.xib; sourceTree = "<group>"; };
		05B6054926F8D9D500523B4D /* ChannelsCollectionViewCell.swift */ = {isa = PBXFileReference; lastKnownFileType = sourcecode.swift; path = ChannelsCollectionViewCell.swift; sourceTree = "<group>"; };
		05B6054A26F8D9D500523B4D /* ChannelsCollectionViewCell.xib */ = {isa = PBXFileReference; lastKnownFileType = file.xib; path = ChannelsCollectionViewCell.xib; sourceTree = "<group>"; };
		05B6055026F8DA7C00523B4D /* UITableView+Extension.swift */ = {isa = PBXFileReference; lastKnownFileType = sourcecode.swift; path = "UITableView+Extension.swift"; sourceTree = "<group>"; };
		05B6055526F8E4D200523B4D /* CategoriesTableViewCell.swift */ = {isa = PBXFileReference; lastKnownFileType = sourcecode.swift; path = CategoriesTableViewCell.swift; sourceTree = "<group>"; };
		05B6055626F8E4D200523B4D /* CategoriesTableViewCell.xib */ = {isa = PBXFileReference; lastKnownFileType = file.xib; path = CategoriesTableViewCell.xib; sourceTree = "<group>"; };
		05B6055C26F90B3A00523B4D /* MediaTableViewCell.swift */ = {isa = PBXFileReference; lastKnownFileType = sourcecode.swift; path = MediaTableViewCell.swift; sourceTree = "<group>"; };
		05B6055D26F90B3A00523B4D /* MediaTableViewCell.xib */ = {isa = PBXFileReference; lastKnownFileType = file.xib; path = MediaTableViewCell.xib; sourceTree = "<group>"; };
		05B6056726F90D5F00523B4D /* MediaCollectionViewCell.swift */ = {isa = PBXFileReference; lastKnownFileType = sourcecode.swift; path = MediaCollectionViewCell.swift; sourceTree = "<group>"; };
		05B6056826F90D5F00523B4D /* MediaCollectionViewCell.xib */ = {isa = PBXFileReference; lastKnownFileType = file.xib; path = MediaCollectionViewCell.xib; sourceTree = "<group>"; };
		05D958B526F7710D00292293 /* MoviesAppTask_GizaSys.app */ = {isa = PBXFileReference; explicitFileType = wrapper.application; includeInIndex = 0; path = MoviesAppTask_GizaSys.app; sourceTree = BUILT_PRODUCTS_DIR; };
		05D958B826F7710D00292293 /* AppDelegate.swift */ = {isa = PBXFileReference; lastKnownFileType = sourcecode.swift; path = AppDelegate.swift; sourceTree = "<group>"; };
		05D958BA26F7710D00292293 /* SceneDelegate.swift */ = {isa = PBXFileReference; lastKnownFileType = sourcecode.swift; path = SceneDelegate.swift; sourceTree = "<group>"; };
		05D958BC26F7710D00292293 /* HomeViewController.swift */ = {isa = PBXFileReference; lastKnownFileType = sourcecode.swift; path = HomeViewController.swift; sourceTree = "<group>"; };
		05D958BF26F7710D00292293 /* Base */ = {isa = PBXFileReference; lastKnownFileType = file.storyboard; name = Base; path = Base.lproj/Main.storyboard; sourceTree = "<group>"; };
		05D958C426F7710E00292293 /* Assets.xcassets */ = {isa = PBXFileReference; lastKnownFileType = folder.assetcatalog; path = Assets.xcassets; sourceTree = "<group>"; };
		05D958C726F7710E00292293 /* Base */ = {isa = PBXFileReference; lastKnownFileType = file.storyboard; name = Base; path = Base.lproj/LaunchScreen.storyboard; sourceTree = "<group>"; };
		05D958C926F7710E00292293 /* Info.plist */ = {isa = PBXFileReference; lastKnownFileType = text.plist.xml; path = Info.plist; sourceTree = "<group>"; };
		05D958CE26F7710E00292293 /* MoviesAppTask_GizaSysTests.xctest */ = {isa = PBXFileReference; explicitFileType = wrapper.cfbundle; includeInIndex = 0; path = MoviesAppTask_GizaSysTests.xctest; sourceTree = BUILT_PRODUCTS_DIR; };
		05D958D226F7710E00292293 /* MoviesAppTask_GizaSysTests.swift */ = {isa = PBXFileReference; lastKnownFileType = sourcecode.swift; path = MoviesAppTask_GizaSysTests.swift; sourceTree = "<group>"; };
		05D958D426F7710E00292293 /* Info.plist */ = {isa = PBXFileReference; lastKnownFileType = text.plist.xml; path = Info.plist; sourceTree = "<group>"; };
		05D958D926F7710E00292293 /* MoviesAppTask_GizaSysUITests.xctest */ = {isa = PBXFileReference; explicitFileType = wrapper.cfbundle; includeInIndex = 0; path = MoviesAppTask_GizaSysUITests.xctest; sourceTree = BUILT_PRODUCTS_DIR; };
		05D958DD26F7710E00292293 /* MoviesAppTask_GizaSysUITests.swift */ = {isa = PBXFileReference; lastKnownFileType = sourcecode.swift; path = MoviesAppTask_GizaSysUITests.swift; sourceTree = "<group>"; };
		05D958DF26F7710E00292293 /* Info.plist */ = {isa = PBXFileReference; lastKnownFileType = text.plist.xml; path = Info.plist; sourceTree = "<group>"; };
		05D958F426F77B9C00292293 /* HomePresenter.swift */ = {isa = PBXFileReference; lastKnownFileType = sourcecode.swift; path = HomePresenter.swift; sourceTree = "<group>"; };
		05D958FC26F77BA900292293 /* HomeInteractor.swift */ = {isa = PBXFileReference; lastKnownFileType = sourcecode.swift; path = HomeInteractor.swift; sourceTree = "<group>"; };
		05D9590126F77BB900292293 /* HomeRouter.swift */ = {isa = PBXFileReference; lastKnownFileType = sourcecode.swift; path = HomeRouter.swift; sourceTree = "<group>"; };
		05D9590626F7826500292293 /* NetworkManager.swift */ = {isa = PBXFileReference; lastKnownFileType = sourcecode.swift; path = NetworkManager.swift; sourceTree = "<group>"; };
		05D9590F26F7831100292293 /* CoreDataManager.swift */ = {isa = PBXFileReference; lastKnownFileType = sourcecode.swift; path = CoreDataManager.swift; sourceTree = "<group>"; };
		05D9591726F7A43700292293 /* MoviesRequestFactory.swift */ = {isa = PBXFileReference; lastKnownFileType = sourcecode.swift; path = MoviesRequestFactory.swift; sourceTree = "<group>"; };
		05D9592826F7AD8000292293 /* categories.swift */ = {isa = PBXFileReference; lastKnownFileType = sourcecode.swift; path = categories.swift; sourceTree = "<group>"; };
		05D9593326F7BFB000292293 /* Constants.swift */ = {isa = PBXFileReference; lastKnownFileType = sourcecode.swift; path = Constants.swift; sourceTree = "<group>"; };
		05D9593926F7C0D400292293 /* Array + Extension.swift */ = {isa = PBXFileReference; lastKnownFileType = sourcecode.swift; path = "Array + Extension.swift"; sourceTree = "<group>"; };
		05D9593E26F7C1AB00292293 /* Channel.swift */ = {isa = PBXFileReference; lastKnownFileType = sourcecode.swift; path = Channel.swift; sourceTree = "<group>"; };
		05D9594326F7D69600292293 /* Media.swift */ = {isa = PBXFileReference; lastKnownFileType = sourcecode.swift; path = Media.swift; sourceTree = "<group>"; };
		05EE3CE626FB317900ABEDB8 /* DetailsViewController.swift */ = {isa = PBXFileReference; lastKnownFileType = sourcecode.swift; path = DetailsViewController.swift; sourceTree = "<group>"; };
		05EE3CEB26FB320D00ABEDB8 /* DetailsPresenter.swift */ = {isa = PBXFileReference; lastKnownFileType = sourcecode.swift; path = DetailsPresenter.swift; sourceTree = "<group>"; };
		05EE3D1026FB950F00ABEDB8 /* ChannelDetailsPresenter.swift */ = {isa = PBXFileReference; lastKnownFileType = sourcecode.swift; path = ChannelDetailsPresenter.swift; sourceTree = "<group>"; };
		05FCDB1026FA2AD700007C94 /* MoviesApp.xcdatamodel */ = {isa = PBXFileReference; lastKnownFileType = wrapper.xcdatamodel; path = MoviesApp.xcdatamodel; sourceTree = "<group>"; };
		0D90434251F90E6AD8D93AA2 /* Pods-MoviesAppTask_GizaSys-MoviesAppTask_GizaSysUITests.debug.xcconfig */ = {isa = PBXFileReference; includeInIndex = 1; lastKnownFileType = text.xcconfig; name = "Pods-MoviesAppTask_GizaSys-MoviesAppTask_GizaSysUITests.debug.xcconfig"; path = "Target Support Files/Pods-MoviesAppTask_GizaSys-MoviesAppTask_GizaSysUITests/Pods-MoviesAppTask_GizaSys-MoviesAppTask_GizaSysUITests.debug.xcconfig"; sourceTree = "<group>"; };
		5CE896BF7B52AA4BF64C87EC /* Pods-MoviesAppTask_GizaSys.release.xcconfig */ = {isa = PBXFileReference; includeInIndex = 1; lastKnownFileType = text.xcconfig; name = "Pods-MoviesAppTask_GizaSys.release.xcconfig"; path = "Target Support Files/Pods-MoviesAppTask_GizaSys/Pods-MoviesAppTask_GizaSys.release.xcconfig"; sourceTree = "<group>"; };
		63E8045092106E68E32B3D27 /* Pods-MoviesAppTask_GizaSys-MoviesAppTask_GizaSysUITests.release.xcconfig */ = {isa = PBXFileReference; includeInIndex = 1; lastKnownFileType = text.xcconfig; name = "Pods-MoviesAppTask_GizaSys-MoviesAppTask_GizaSysUITests.release.xcconfig"; path = "Target Support Files/Pods-MoviesAppTask_GizaSys-MoviesAppTask_GizaSysUITests/Pods-MoviesAppTask_GizaSys-MoviesAppTask_GizaSysUITests.release.xcconfig"; sourceTree = "<group>"; };
		76258DE824C3883C1570010F /* Pods-MoviesAppTask_GizaSys.debug.xcconfig */ = {isa = PBXFileReference; includeInIndex = 1; lastKnownFileType = text.xcconfig; name = "Pods-MoviesAppTask_GizaSys.debug.xcconfig"; path = "Target Support Files/Pods-MoviesAppTask_GizaSys/Pods-MoviesAppTask_GizaSys.debug.xcconfig"; sourceTree = "<group>"; };
		76328C2C20E60FFC8D2DB344 /* Pods_MoviesAppTask_GizaSys_MoviesAppTask_GizaSysUITests.framework */ = {isa = PBXFileReference; explicitFileType = wrapper.framework; includeInIndex = 0; path = Pods_MoviesAppTask_GizaSys_MoviesAppTask_GizaSysUITests.framework; sourceTree = BUILT_PRODUCTS_DIR; };
		98EA7E255F451CBE6EA7A6BE /* Pods-MoviesAppTask_GizaSysTests.debug.xcconfig */ = {isa = PBXFileReference; includeInIndex = 1; lastKnownFileType = text.xcconfig; name = "Pods-MoviesAppTask_GizaSysTests.debug.xcconfig"; path = "Target Support Files/Pods-MoviesAppTask_GizaSysTests/Pods-MoviesAppTask_GizaSysTests.debug.xcconfig"; sourceTree = "<group>"; };
		99E32BE82EDB5CEFA1103C21 /* Pods_MoviesAppTask_GizaSysTests.framework */ = {isa = PBXFileReference; explicitFileType = wrapper.framework; includeInIndex = 0; path = Pods_MoviesAppTask_GizaSysTests.framework; sourceTree = BUILT_PRODUCTS_DIR; };
		ED1BC9D2FD9AFCB0F623D178 /* Pods_MoviesAppTask_GizaSys.framework */ = {isa = PBXFileReference; explicitFileType = wrapper.framework; includeInIndex = 0; path = Pods_MoviesAppTask_GizaSys.framework; sourceTree = BUILT_PRODUCTS_DIR; };
		EFFB1AFB75B139428B9C25F0 /* Pods-MoviesAppTask_GizaSysTests.release.xcconfig */ = {isa = PBXFileReference; includeInIndex = 1; lastKnownFileType = text.xcconfig; name = "Pods-MoviesAppTask_GizaSysTests.release.xcconfig"; path = "Target Support Files/Pods-MoviesAppTask_GizaSysTests/Pods-MoviesAppTask_GizaSysTests.release.xcconfig"; sourceTree = "<group>"; };
/* End PBXFileReference section */

/* Begin PBXFrameworksBuildPhase section */
		05D958B226F7710D00292293 /* Frameworks */ = {
			isa = PBXFrameworksBuildPhase;
			buildActionMask = 2147483647;
			files = (
				A07EB09D0206E05B1CD1615E /* Pods_MoviesAppTask_GizaSys.framework in Frameworks */,
			);
			runOnlyForDeploymentPostprocessing = 0;
		};
		05D958CB26F7710E00292293 /* Frameworks */ = {
			isa = PBXFrameworksBuildPhase;
			buildActionMask = 2147483647;
			files = (
				82FBB17C2CBFD9D5C9264327 /* Pods_MoviesAppTask_GizaSysTests.framework in Frameworks */,
			);
			runOnlyForDeploymentPostprocessing = 0;
		};
		05D958D626F7710E00292293 /* Frameworks */ = {
			isa = PBXFrameworksBuildPhase;
			buildActionMask = 2147483647;
			files = (
				C2B32F0325681ECD8CB45F83 /* Pods_MoviesAppTask_GizaSys_MoviesAppTask_GizaSysUITests.framework in Frameworks */,
			);
			runOnlyForDeploymentPostprocessing = 0;
		};
/* End PBXFrameworksBuildPhase section */

/* Begin PBXGroup section */
		0576AEFC669A205A68F3EAA7 /* Frameworks */ = {
			isa = PBXGroup;
			children = (
				ED1BC9D2FD9AFCB0F623D178 /* Pods_MoviesAppTask_GizaSys.framework */,
				76328C2C20E60FFC8D2DB344 /* Pods_MoviesAppTask_GizaSys_MoviesAppTask_GizaSysUITests.framework */,
				99E32BE82EDB5CEFA1103C21 /* Pods_MoviesAppTask_GizaSysTests.framework */,
			);
			name = Frameworks;
			sourceTree = "<group>";
		};
		05B6053D26F8D71700523B4D /* Home TableView Cells */ = {
			isa = PBXGroup;
			children = (
				05B6056526F90D0D00523B4D /* Media */,
				05B6056426F90CFD00523B4D /* Categories */,
				05B6056326F90CE000523B4D /* channels */,
			);
			path = "Home TableView Cells";
			sourceTree = "<group>";
		};
		05B6054826F8D99C00523B4D /* CollectionView Cells */ = {
			isa = PBXGroup;
			children = (
				05B6054926F8D9D500523B4D /* ChannelsCollectionViewCell.swift */,
				05B6054A26F8D9D500523B4D /* ChannelsCollectionViewCell.xib */,
			);
			path = "CollectionView Cells";
			sourceTree = "<group>";
		};
		05B6056326F90CE000523B4D /* channels */ = {
			isa = PBXGroup;
			children = (
				05B6054826F8D99C00523B4D /* CollectionView Cells */,
				05B6054126F8D75700523B4D /* ChannelsTableViewCell.swift */,
				05B6054226F8D75700523B4D /* ChannelsTableViewCell.xib */,
			);
			path = channels;
			sourceTree = "<group>";
		};
		05B6056426F90CFD00523B4D /* Categories */ = {
			isa = PBXGroup;
			children = (
				05B6055526F8E4D200523B4D /* CategoriesTableViewCell.swift */,
				05B6055626F8E4D200523B4D /* CategoriesTableViewCell.xib */,
			);
			path = Categories;
			sourceTree = "<group>";
		};
		05B6056526F90D0D00523B4D /* Media */ = {
			isa = PBXGroup;
			children = (
				05B6056626F90D3100523B4D /* MediaCollectionViewCell */,
				05B6055C26F90B3A00523B4D /* MediaTableViewCell.swift */,
				05B6055D26F90B3A00523B4D /* MediaTableViewCell.xib */,
			);
			path = Media;
			sourceTree = "<group>";
		};
		05B6056626F90D3100523B4D /* MediaCollectionViewCell */ = {
			isa = PBXGroup;
			children = (
				05B6056726F90D5F00523B4D /* MediaCollectionViewCell.swift */,
				05B6056826F90D5F00523B4D /* MediaCollectionViewCell.xib */,
			);
			path = MediaCollectionViewCell;
			sourceTree = "<group>";
		};
		05D958AC26F7710D00292293 = {
			isa = PBXGroup;
			children = (
				05D958B726F7710D00292293 /* MoviesAppTask_GizaSys */,
				05D958D126F7710E00292293 /* MoviesAppTask_GizaSysTests */,
				05D958DC26F7710E00292293 /* MoviesAppTask_GizaSysUITests */,
				05D958B626F7710D00292293 /* Products */,
				696B892539921B76BC12E6A4 /* Pods */,
				0576AEFC669A205A68F3EAA7 /* Frameworks */,
			);
			sourceTree = "<group>";
		};
		05D958B626F7710D00292293 /* Products */ = {
			isa = PBXGroup;
			children = (
				05D958B526F7710D00292293 /* MoviesAppTask_GizaSys.app */,
				05D958CE26F7710E00292293 /* MoviesAppTask_GizaSysTests.xctest */,
				05D958D926F7710E00292293 /* MoviesAppTask_GizaSysUITests.xctest */,
			);
			name = Products;
			sourceTree = "<group>";
		};
		05D958B726F7710D00292293 /* MoviesAppTask_GizaSys */ = {
			isa = PBXGroup;
			children = (
				05D9593826F7C0C000292293 /* Components */,
				05D9590B26F7826900292293 /* Gateaways */,
				05D958EE26F77B5D00292293 /* Scenes */,
				05D958BE26F7710D00292293 /* Main.storyboard */,
				05D9590E26F782BA00292293 /* Configurations */,
				05D958C926F7710E00292293 /* Info.plist */,
				05FCDB0F26FA2AD700007C94 /* MoviesApp.xcdatamodeld */,
			);
			path = MoviesAppTask_GizaSys;
			sourceTree = "<group>";
		};
		05D958D126F7710E00292293 /* MoviesAppTask_GizaSysTests */ = {
			isa = PBXGroup;
			children = (
				05EE3CF826FB6E7C00ABEDB8 /* Home Tests */,
				05EE3CF926FB6E8700ABEDB8 /* Details Tests */,
				05D958D226F7710E00292293 /* MoviesAppTask_GizaSysTests.swift */,
				05D958D426F7710E00292293 /* Info.plist */,
			);
			path = MoviesAppTask_GizaSysTests;
			sourceTree = "<group>";
		};
		05D958DC26F7710E00292293 /* MoviesAppTask_GizaSysUITests */ = {
			isa = PBXGroup;
			children = (
				05D958DD26F7710E00292293 /* MoviesAppTask_GizaSysUITests.swift */,
				05D958DF26F7710E00292293 /* Info.plist */,
			);
			path = MoviesAppTask_GizaSysUITests;
			sourceTree = "<group>";
		};
		05D958EE26F77B5D00292293 /* Scenes */ = {
			isa = PBXGroup;
			children = (
				05D958EF26F77B6900292293 /* Home Scene */,
				05D958F026F77B7600292293 /* Details Scene */,
			);
			path = Scenes;
			sourceTree = "<group>";
		};
		05D958EF26F77B6900292293 /* Home Scene */ = {
			isa = PBXGroup;
			children = (
				05D9592726F7AD4300292293 /* Models */,
				05B6053D26F8D71700523B4D /* Home TableView Cells */,
				05D958BC26F7710D00292293 /* HomeViewController.swift */,
				05D958F426F77B9C00292293 /* HomePresenter.swift */,
				05D958FC26F77BA900292293 /* HomeInteractor.swift */,
				05D9590126F77BB900292293 /* HomeRouter.swift */,
			);
			path = "Home Scene";
			sourceTree = "<group>";
		};
		05D958F026F77B7600292293 /* Details Scene */ = {
			isa = PBXGroup;
			children = (
				05EE3CE626FB317900ABEDB8 /* DetailsViewController.swift */,
				05EE3D1626FB952400ABEDB8 /* Channel */,
				05EE3D1526FB951600ABEDB8 /* Media */,
			);
			path = "Details Scene";
			sourceTree = "<group>";
		};
		05D9590B26F7826900292293 /* Gateaways */ = {
			isa = PBXGroup;
			children = (
				05D9590D26F7828700292293 /* CoreData */,
				05D9590C26F7827700292293 /* Networking */,
			);
			path = Gateaways;
			sourceTree = "<group>";
		};
		05D9590C26F7827700292293 /* Networking */ = {
			isa = PBXGroup;
			children = (
				05D9590626F7826500292293 /* NetworkManager.swift */,
				05D9591726F7A43700292293 /* MoviesRequestFactory.swift */,
			);
			path = Networking;
			sourceTree = "<group>";
		};
		05D9590D26F7828700292293 /* CoreData */ = {
			isa = PBXGroup;
			children = (
				05D9590F26F7831100292293 /* CoreDataManager.swift */,
				05D9593326F7BFB000292293 /* Constants.swift */,
			);
			path = CoreData;
			sourceTree = "<group>";
		};
		05D9590E26F782BA00292293 /* Configurations */ = {
			isa = PBXGroup;
			children = (
				05D958C626F7710E00292293 /* LaunchScreen.storyboard */,
				05D958C426F7710E00292293 /* Assets.xcassets */,
				05D958B826F7710D00292293 /* AppDelegate.swift */,
				05D958BA26F7710D00292293 /* SceneDelegate.swift */,
			);
			path = Configurations;
			sourceTree = "<group>";
		};
		05D9592726F7AD4300292293 /* Models */ = {
			isa = PBXGroup;
			children = (
				05D9592826F7AD8000292293 /* categories.swift */,
				05D9593E26F7C1AB00292293 /* Channel.swift */,
				05D9594326F7D69600292293 /* Media.swift */,
			);
			path = Models;
			sourceTree = "<group>";
		};
		05D9593826F7C0C000292293 /* Components */ = {
			isa = PBXGroup;
			children = (
				05D9593926F7C0D400292293 /* Array + Extension.swift */,
				05B6055026F8DA7C00523B4D /* UITableView+Extension.swift */,
			);
			path = Components;
			sourceTree = "<group>";
		};
		05EE3CF826FB6E7C00ABEDB8 /* Home Tests */ = {
			isa = PBXGroup;
			children = (
			);
			path = "Home Tests";
			sourceTree = "<group>";
		};
		05EE3CF926FB6E8700ABEDB8 /* Details Tests */ = {
			isa = PBXGroup;
			children = (
			);
			path = "Details Tests";
			sourceTree = "<group>";
		};
		05EE3D1526FB951600ABEDB8 /* Media */ = {
			isa = PBXGroup;
			children = (
				05EE3CEB26FB320D00ABEDB8 /* DetailsPresenter.swift */,
			);
			path = Media;
			sourceTree = "<group>";
		};
		05EE3D1626FB952400ABEDB8 /* Channel */ = {
			isa = PBXGroup;
			children = (
				05EE3D1026FB950F00ABEDB8 /* ChannelDetailsPresenter.swift */,
			);
			path = Channel;
			sourceTree = "<group>";
		};
		696B892539921B76BC12E6A4 /* Pods */ = {
			isa = PBXGroup;
			children = (
				76258DE824C3883C1570010F /* Pods-MoviesAppTask_GizaSys.debug.xcconfig */,
				5CE896BF7B52AA4BF64C87EC /* Pods-MoviesAppTask_GizaSys.release.xcconfig */,
				0D90434251F90E6AD8D93AA2 /* Pods-MoviesAppTask_GizaSys-MoviesAppTask_GizaSysUITests.debug.xcconfig */,
				63E8045092106E68E32B3D27 /* Pods-MoviesAppTask_GizaSys-MoviesAppTask_GizaSysUITests.release.xcconfig */,
				98EA7E255F451CBE6EA7A6BE /* Pods-MoviesAppTask_GizaSysTests.debug.xcconfig */,
				EFFB1AFB75B139428B9C25F0 /* Pods-MoviesAppTask_GizaSysTests.release.xcconfig */,
			);
			path = Pods;
			sourceTree = "<group>";
		};
/* End PBXGroup section */

/* Begin PBXNativeTarget section */
		05D958B426F7710D00292293 /* MoviesAppTask_GizaSys */ = {
			isa = PBXNativeTarget;
			buildConfigurationList = 05D958E226F7710E00292293 /* Build configuration list for PBXNativeTarget "MoviesAppTask_GizaSys" */;
			buildPhases = (
				4893480F8D5AE5783EFF298C /* [CP] Check Pods Manifest.lock */,
				05D958B126F7710D00292293 /* Sources */,
				05D958B226F7710D00292293 /* Frameworks */,
				05D958B326F7710D00292293 /* Resources */,
				36B5AD8A40A6BA58B8942971 /* [CP] Embed Pods Frameworks */,
			);
			buildRules = (
			);
			dependencies = (
			);
			name = MoviesAppTask_GizaSys;
			productName = MoviesAppTask_GizaSys;
			productReference = 05D958B526F7710D00292293 /* MoviesAppTask_GizaSys.app */;
			productType = "com.apple.product-type.application";
		};
		05D958CD26F7710E00292293 /* MoviesAppTask_GizaSysTests */ = {
			isa = PBXNativeTarget;
			buildConfigurationList = 05D958E526F7710E00292293 /* Build configuration list for PBXNativeTarget "MoviesAppTask_GizaSysTests" */;
			buildPhases = (
				5B7C5120EC6E1126E6981AB7 /* [CP] Check Pods Manifest.lock */,
				05D958CA26F7710E00292293 /* Sources */,
				05D958CB26F7710E00292293 /* Frameworks */,
				05D958CC26F7710E00292293 /* Resources */,
			);
			buildRules = (
			);
			dependencies = (
				05D958D026F7710E00292293 /* PBXTargetDependency */,
			);
			name = MoviesAppTask_GizaSysTests;
			productName = MoviesAppTask_GizaSysTests;
			productReference = 05D958CE26F7710E00292293 /* MoviesAppTask_GizaSysTests.xctest */;
			productType = "com.apple.product-type.bundle.unit-test";
		};
		05D958D826F7710E00292293 /* MoviesAppTask_GizaSysUITests */ = {
			isa = PBXNativeTarget;
			buildConfigurationList = 05D958E826F7710E00292293 /* Build configuration list for PBXNativeTarget "MoviesAppTask_GizaSysUITests" */;
			buildPhases = (
				96E8696DE9C3B36E36BDAF70 /* [CP] Check Pods Manifest.lock */,
				05D958D526F7710E00292293 /* Sources */,
				05D958D626F7710E00292293 /* Frameworks */,
				05D958D726F7710E00292293 /* Resources */,
				BF22AD80EB1733D4A5D5A203 /* [CP] Embed Pods Frameworks */,
			);
			buildRules = (
			);
			dependencies = (
				05D958DB26F7710E00292293 /* PBXTargetDependency */,
			);
			name = MoviesAppTask_GizaSysUITests;
			productName = MoviesAppTask_GizaSysUITests;
			productReference = 05D958D926F7710E00292293 /* MoviesAppTask_GizaSysUITests.xctest */;
			productType = "com.apple.product-type.bundle.ui-testing";
		};
/* End PBXNativeTarget section */

/* Begin PBXProject section */
		05D958AD26F7710D00292293 /* Project object */ = {
			isa = PBXProject;
			attributes = {
				LastSwiftUpdateCheck = 1220;
				LastUpgradeCheck = 1220;
				TargetAttributes = {
					05D958B426F7710D00292293 = {
						CreatedOnToolsVersion = 12.2;
					};
					05D958CD26F7710E00292293 = {
						CreatedOnToolsVersion = 12.2;
						TestTargetID = 05D958B426F7710D00292293;
					};
					05D958D826F7710E00292293 = {
						CreatedOnToolsVersion = 12.2;
						TestTargetID = 05D958B426F7710D00292293;
					};
				};
			};
			buildConfigurationList = 05D958B026F7710D00292293 /* Build configuration list for PBXProject "MoviesAppTask_GizaSys" */;
			compatibilityVersion = "Xcode 9.3";
			developmentRegion = en;
			hasScannedForEncodings = 0;
			knownRegions = (
				en,
				Base,
			);
			mainGroup = 05D958AC26F7710D00292293;
			productRefGroup = 05D958B626F7710D00292293 /* Products */;
			projectDirPath = "";
			projectRoot = "";
			targets = (
				05D958B426F7710D00292293 /* MoviesAppTask_GizaSys */,
				05D958CD26F7710E00292293 /* MoviesAppTask_GizaSysTests */,
				05D958D826F7710E00292293 /* MoviesAppTask_GizaSysUITests */,
			);
		};
/* End PBXProject section */

/* Begin PBXResourcesBuildPhase section */
		05D958B326F7710D00292293 /* Resources */ = {
			isa = PBXResourcesBuildPhase;
			buildActionMask = 2147483647;
			files = (
				05B6055F26F90B3A00523B4D /* MediaTableViewCell.xib in Resources */,
				05D958C826F7710E00292293 /* LaunchScreen.storyboard in Resources */,
				05B6054C26F8D9D500523B4D /* ChannelsCollectionViewCell.xib in Resources */,
				05B6056A26F90D5F00523B4D /* MediaCollectionViewCell.xib in Resources */,
				05B6054426F8D75700523B4D /* ChannelsTableViewCell.xib in Resources */,
				05B6055826F8E4D200523B4D /* CategoriesTableViewCell.xib in Resources */,
				05D958C526F7710E00292293 /* Assets.xcassets in Resources */,
				05D958C026F7710D00292293 /* Main.storyboard in Resources */,
			);
			runOnlyForDeploymentPostprocessing = 0;
		};
		05D958CC26F7710E00292293 /* Resources */ = {
			isa = PBXResourcesBuildPhase;
			buildActionMask = 2147483647;
			files = (
			);
			runOnlyForDeploymentPostprocessing = 0;
		};
		05D958D726F7710E00292293 /* Resources */ = {
			isa = PBXResourcesBuildPhase;
			buildActionMask = 2147483647;
			files = (
			);
			runOnlyForDeploymentPostprocessing = 0;
		};
/* End PBXResourcesBuildPhase section */

/* Begin PBXShellScriptBuildPhase section */
		36B5AD8A40A6BA58B8942971 /* [CP] Embed Pods Frameworks */ = {
			isa = PBXShellScriptBuildPhase;
			buildActionMask = 2147483647;
			files = (
			);
			inputFileListPaths = (
				"${PODS_ROOT}/Target Support Files/Pods-MoviesAppTask_GizaSys/Pods-MoviesAppTask_GizaSys-frameworks-${CONFIGURATION}-input-files.xcfilelist",
			);
			name = "[CP] Embed Pods Frameworks";
			outputFileListPaths = (
				"${PODS_ROOT}/Target Support Files/Pods-MoviesAppTask_GizaSys/Pods-MoviesAppTask_GizaSys-frameworks-${CONFIGURATION}-output-files.xcfilelist",
			);
			runOnlyForDeploymentPostprocessing = 0;
			shellPath = /bin/sh;
			shellScript = "\"${PODS_ROOT}/Target Support Files/Pods-MoviesAppTask_GizaSys/Pods-MoviesAppTask_GizaSys-frameworks.sh\"\n";
			showEnvVarsInLog = 0;
		};
		4893480F8D5AE5783EFF298C /* [CP] Check Pods Manifest.lock */ = {
			isa = PBXShellScriptBuildPhase;
			buildActionMask = 2147483647;
			files = (
			);
			inputFileListPaths = (
			);
			inputPaths = (
				"${PODS_PODFILE_DIR_PATH}/Podfile.lock",
				"${PODS_ROOT}/Manifest.lock",
			);
			name = "[CP] Check Pods Manifest.lock";
			outputFileListPaths = (
			);
			outputPaths = (
				"$(DERIVED_FILE_DIR)/Pods-MoviesAppTask_GizaSys-checkManifestLockResult.txt",
			);
			runOnlyForDeploymentPostprocessing = 0;
			shellPath = /bin/sh;
			shellScript = "diff \"${PODS_PODFILE_DIR_PATH}/Podfile.lock\" \"${PODS_ROOT}/Manifest.lock\" > /dev/null\nif [ $? != 0 ] ; then\n    # print error to STDERR\n    echo \"error: The sandbox is not in sync with the Podfile.lock. Run 'pod install' or update your CocoaPods installation.\" >&2\n    exit 1\nfi\n# This output is used by Xcode 'outputs' to avoid re-running this script phase.\necho \"SUCCESS\" > \"${SCRIPT_OUTPUT_FILE_0}\"\n";
			showEnvVarsInLog = 0;
		};
		5B7C5120EC6E1126E6981AB7 /* [CP] Check Pods Manifest.lock */ = {
			isa = PBXShellScriptBuildPhase;
			buildActionMask = 2147483647;
			files = (
			);
			inputFileListPaths = (
			);
			inputPaths = (
				"${PODS_PODFILE_DIR_PATH}/Podfile.lock",
				"${PODS_ROOT}/Manifest.lock",
			);
			name = "[CP] Check Pods Manifest.lock";
			outputFileListPaths = (
			);
			outputPaths = (
				"$(DERIVED_FILE_DIR)/Pods-MoviesAppTask_GizaSysTests-checkManifestLockResult.txt",
			);
			runOnlyForDeploymentPostprocessing = 0;
			shellPath = /bin/sh;
			shellScript = "diff \"${PODS_PODFILE_DIR_PATH}/Podfile.lock\" \"${PODS_ROOT}/Manifest.lock\" > /dev/null\nif [ $? != 0 ] ; then\n    # print error to STDERR\n    echo \"error: The sandbox is not in sync with the Podfile.lock. Run 'pod install' or update your CocoaPods installation.\" >&2\n    exit 1\nfi\n# This output is used by Xcode 'outputs' to avoid re-running this script phase.\necho \"SUCCESS\" > \"${SCRIPT_OUTPUT_FILE_0}\"\n";
			showEnvVarsInLog = 0;
		};
		96E8696DE9C3B36E36BDAF70 /* [CP] Check Pods Manifest.lock */ = {
			isa = PBXShellScriptBuildPhase;
			buildActionMask = 2147483647;
			files = (
			);
			inputFileListPaths = (
			);
			inputPaths = (
				"${PODS_PODFILE_DIR_PATH}/Podfile.lock",
				"${PODS_ROOT}/Manifest.lock",
			);
			name = "[CP] Check Pods Manifest.lock";
			outputFileListPaths = (
			);
			outputPaths = (
				"$(DERIVED_FILE_DIR)/Pods-MoviesAppTask_GizaSys-MoviesAppTask_GizaSysUITests-checkManifestLockResult.txt",
			);
			runOnlyForDeploymentPostprocessing = 0;
			shellPath = /bin/sh;
			shellScript = "diff \"${PODS_PODFILE_DIR_PATH}/Podfile.lock\" \"${PODS_ROOT}/Manifest.lock\" > /dev/null\nif [ $? != 0 ] ; then\n    # print error to STDERR\n    echo \"error: The sandbox is not in sync with the Podfile.lock. Run 'pod install' or update your CocoaPods installation.\" >&2\n    exit 1\nfi\n# This output is used by Xcode 'outputs' to avoid re-running this script phase.\necho \"SUCCESS\" > \"${SCRIPT_OUTPUT_FILE_0}\"\n";
			showEnvVarsInLog = 0;
		};
		BF22AD80EB1733D4A5D5A203 /* [CP] Embed Pods Frameworks */ = {
			isa = PBXShellScriptBuildPhase;
			buildActionMask = 2147483647;
			files = (
			);
			inputFileListPaths = (
				"${PODS_ROOT}/Target Support Files/Pods-MoviesAppTask_GizaSys-MoviesAppTask_GizaSysUITests/Pods-MoviesAppTask_GizaSys-MoviesAppTask_GizaSysUITests-frameworks-${CONFIGURATION}-input-files.xcfilelist",
			);
			name = "[CP] Embed Pods Frameworks";
			outputFileListPaths = (
				"${PODS_ROOT}/Target Support Files/Pods-MoviesAppTask_GizaSys-MoviesAppTask_GizaSysUITests/Pods-MoviesAppTask_GizaSys-MoviesAppTask_GizaSysUITests-frameworks-${CONFIGURATION}-output-files.xcfilelist",
			);
			runOnlyForDeploymentPostprocessing = 0;
			shellPath = /bin/sh;
			shellScript = "\"${PODS_ROOT}/Target Support Files/Pods-MoviesAppTask_GizaSys-MoviesAppTask_GizaSysUITests/Pods-MoviesAppTask_GizaSys-MoviesAppTask_GizaSysUITests-frameworks.sh\"\n";
			showEnvVarsInLog = 0;
		};
/* End PBXShellScriptBuildPhase section */

/* Begin PBXSourcesBuildPhase section */
		05D958B126F7710D00292293 /* Sources */ = {
			isa = PBXSourcesBuildPhase;
			buildActionMask = 2147483647;
			files = (
				05D9592926F7AD8000292293 /* categories.swift in Sources */,
				05EE3CE726FB317900ABEDB8 /* DetailsViewController.swift in Sources */,
				05B6055726F8E4D200523B4D /* CategoriesTableViewCell.swift in Sources */,
				05D958BD26F7710D00292293 /* HomeViewController.swift in Sources */,
				05D958B926F7710D00292293 /* AppDelegate.swift in Sources */,
				05D9590226F77BB900292293 /* HomeRouter.swift in Sources */,
				05B6054B26F8D9D500523B4D /* ChannelsCollectionViewCell.swift in Sources */,
				05B6054326F8D75700523B4D /* ChannelsTableViewCell.swift in Sources */,
				05D9590726F7826500292293 /* NetworkManager.swift in Sources */,
				05EE3D1126FB950F00ABEDB8 /* ChannelDetailsPresenter.swift in Sources */,
				05D9591826F7A43700292293 /* MoviesRequestFactory.swift in Sources */,
				05D958FD26F77BA900292293 /* HomeInteractor.swift in Sources */,
				05D9591026F7831100292293 /* CoreDataManager.swift in Sources */,
				05B6055126F8DA7C00523B4D /* UITableView+Extension.swift in Sources */,
				05D958F526F77B9C00292293 /* HomePresenter.swift in Sources */,
				05B6055E26F90B3A00523B4D /* MediaTableViewCell.swift in Sources */,
				05D958BB26F7710D00292293 /* SceneDelegate.swift in Sources */,
				05FCDB1126FA2AD700007C94 /* MoviesApp.xcdatamodeld in Sources */,
				05B6056926F90D5F00523B4D /* MediaCollectionViewCell.swift in Sources */,
				05D9593426F7BFB000292293 /* Constants.swift in Sources */,
				05D9593A26F7C0D400292293 /* Array + Extension.swift in Sources */,
				05D9593F26F7C1AB00292293 /* Channel.swift in Sources */,
				05D9594426F7D69600292293 /* Media.swift in Sources */,
				05EE3CEC26FB320D00ABEDB8 /* DetailsPresenter.swift in Sources */,
			);
			runOnlyForDeploymentPostprocessing = 0;
		};
		05D958CA26F7710E00292293 /* Sources */ = {
			isa = PBXSourcesBuildPhase;
			buildActionMask = 2147483647;
			files = (
				05D958D326F7710E00292293 /* MoviesAppTask_GizaSysTests.swift in Sources */,
			);
			runOnlyForDeploymentPostprocessing = 0;
		};
		05D958D526F7710E00292293 /* Sources */ = {
			isa = PBXSourcesBuildPhase;
			buildActionMask = 2147483647;
			files = (
				05D958DE26F7710E00292293 /* MoviesAppTask_GizaSysUITests.swift in Sources */,
			);
			runOnlyForDeploymentPostprocessing = 0;
		};
/* End PBXSourcesBuildPhase section */

/* Begin PBXTargetDependency section */
		05D958D026F7710E00292293 /* PBXTargetDependency */ = {
			isa = PBXTargetDependency;
			target = 05D958B426F7710D00292293 /* MoviesAppTask_GizaSys */;
			targetProxy = 05D958CF26F7710E00292293 /* PBXContainerItemProxy */;
		};
		05D958DB26F7710E00292293 /* PBXTargetDependency */ = {
			isa = PBXTargetDependency;
			target = 05D958B426F7710D00292293 /* MoviesAppTask_GizaSys */;
			targetProxy = 05D958DA26F7710E00292293 /* PBXContainerItemProxy */;
		};
/* End PBXTargetDependency section */

/* Begin PBXVariantGroup section */
		05D958BE26F7710D00292293 /* Main.storyboard */ = {
			isa = PBXVariantGroup;
			children = (
				05D958BF26F7710D00292293 /* Base */,
			);
			name = Main.storyboard;
			sourceTree = "<group>";
		};
		05D958C626F7710E00292293 /* LaunchScreen.storyboard */ = {
			isa = PBXVariantGroup;
			children = (
				05D958C726F7710E00292293 /* Base */,
			);
			name = LaunchScreen.storyboard;
			sourceTree = "<group>";
		};
/* End PBXVariantGroup section */

/* Begin XCBuildConfiguration section */
		05D958E026F7710E00292293 /* Debug */ = {
			isa = XCBuildConfiguration;
			buildSettings = {
				ALWAYS_SEARCH_USER_PATHS = NO;
				CLANG_ANALYZER_NONNULL = YES;
				CLANG_ANALYZER_NUMBER_OBJECT_CONVERSION = YES_AGGRESSIVE;
				CLANG_CXX_LANGUAGE_STANDARD = "gnu++14";
				CLANG_CXX_LIBRARY = "libc++";
				CLANG_ENABLE_MODULES = YES;
				CLANG_ENABLE_OBJC_ARC = YES;
				CLANG_ENABLE_OBJC_WEAK = YES;
				CLANG_WARN_BLOCK_CAPTURE_AUTORELEASING = YES;
				CLANG_WARN_BOOL_CONVERSION = YES;
				CLANG_WARN_COMMA = YES;
				CLANG_WARN_CONSTANT_CONVERSION = YES;
				CLANG_WARN_DEPRECATED_OBJC_IMPLEMENTATIONS = YES;
				CLANG_WARN_DIRECT_OBJC_ISA_USAGE = YES_ERROR;
				CLANG_WARN_DOCUMENTATION_COMMENTS = YES;
				CLANG_WARN_EMPTY_BODY = YES;
				CLANG_WARN_ENUM_CONVERSION = YES;
				CLANG_WARN_INFINITE_RECURSION = YES;
				CLANG_WARN_INT_CONVERSION = YES;
				CLANG_WARN_NON_LITERAL_NULL_CONVERSION = YES;
				CLANG_WARN_OBJC_IMPLICIT_RETAIN_SELF = YES;
				CLANG_WARN_OBJC_LITERAL_CONVERSION = YES;
				CLANG_WARN_OBJC_ROOT_CLASS = YES_ERROR;
				CLANG_WARN_QUOTED_INCLUDE_IN_FRAMEWORK_HEADER = YES;
				CLANG_WARN_RANGE_LOOP_ANALYSIS = YES;
				CLANG_WARN_STRICT_PROTOTYPES = YES;
				CLANG_WARN_SUSPICIOUS_MOVE = YES;
				CLANG_WARN_UNGUARDED_AVAILABILITY = YES_AGGRESSIVE;
				CLANG_WARN_UNREACHABLE_CODE = YES;
				CLANG_WARN__DUPLICATE_METHOD_MATCH = YES;
				COPY_PHASE_STRIP = NO;
				DEBUG_INFORMATION_FORMAT = dwarf;
				ENABLE_STRICT_OBJC_MSGSEND = YES;
				ENABLE_TESTABILITY = YES;
				GCC_C_LANGUAGE_STANDARD = gnu11;
				GCC_DYNAMIC_NO_PIC = NO;
				GCC_NO_COMMON_BLOCKS = YES;
				GCC_OPTIMIZATION_LEVEL = 0;
				GCC_PREPROCESSOR_DEFINITIONS = (
					"DEBUG=1",
					"$(inherited)",
				);
				GCC_WARN_64_TO_32_BIT_CONVERSION = YES;
				GCC_WARN_ABOUT_RETURN_TYPE = YES_ERROR;
				GCC_WARN_UNDECLARED_SELECTOR = YES;
				GCC_WARN_UNINITIALIZED_AUTOS = YES_AGGRESSIVE;
				GCC_WARN_UNUSED_FUNCTION = YES;
				GCC_WARN_UNUSED_VARIABLE = YES;
				IPHONEOS_DEPLOYMENT_TARGET = 14.2;
				MTL_ENABLE_DEBUG_INFO = INCLUDE_SOURCE;
				MTL_FAST_MATH = YES;
				ONLY_ACTIVE_ARCH = YES;
				SDKROOT = iphoneos;
				SWIFT_ACTIVE_COMPILATION_CONDITIONS = DEBUG;
				SWIFT_OPTIMIZATION_LEVEL = "-Onone";
			};
			name = Debug;
		};
		05D958E126F7710E00292293 /* Release */ = {
			isa = XCBuildConfiguration;
			buildSettings = {
				ALWAYS_SEARCH_USER_PATHS = NO;
				CLANG_ANALYZER_NONNULL = YES;
				CLANG_ANALYZER_NUMBER_OBJECT_CONVERSION = YES_AGGRESSIVE;
				CLANG_CXX_LANGUAGE_STANDARD = "gnu++14";
				CLANG_CXX_LIBRARY = "libc++";
				CLANG_ENABLE_MODULES = YES;
				CLANG_ENABLE_OBJC_ARC = YES;
				CLANG_ENABLE_OBJC_WEAK = YES;
				CLANG_WARN_BLOCK_CAPTURE_AUTORELEASING = YES;
				CLANG_WARN_BOOL_CONVERSION = YES;
				CLANG_WARN_COMMA = YES;
				CLANG_WARN_CONSTANT_CONVERSION = YES;
				CLANG_WARN_DEPRECATED_OBJC_IMPLEMENTATIONS = YES;
				CLANG_WARN_DIRECT_OBJC_ISA_USAGE = YES_ERROR;
				CLANG_WARN_DOCUMENTATION_COMMENTS = YES;
				CLANG_WARN_EMPTY_BODY = YES;
				CLANG_WARN_ENUM_CONVERSION = YES;
				CLANG_WARN_INFINITE_RECURSION = YES;
				CLANG_WARN_INT_CONVERSION = YES;
				CLANG_WARN_NON_LITERAL_NULL_CONVERSION = YES;
				CLANG_WARN_OBJC_IMPLICIT_RETAIN_SELF = YES;
				CLANG_WARN_OBJC_LITERAL_CONVERSION = YES;
				CLANG_WARN_OBJC_ROOT_CLASS = YES_ERROR;
				CLANG_WARN_QUOTED_INCLUDE_IN_FRAMEWORK_HEADER = YES;
				CLANG_WARN_RANGE_LOOP_ANALYSIS = YES;
				CLANG_WARN_STRICT_PROTOTYPES = YES;
				CLANG_WARN_SUSPICIOUS_MOVE = YES;
				CLANG_WARN_UNGUARDED_AVAILABILITY = YES_AGGRESSIVE;
				CLANG_WARN_UNREACHABLE_CODE = YES;
				CLANG_WARN__DUPLICATE_METHOD_MATCH = YES;
				COPY_PHASE_STRIP = NO;
				DEBUG_INFORMATION_FORMAT = "dwarf-with-dsym";
				ENABLE_NS_ASSERTIONS = NO;
				ENABLE_STRICT_OBJC_MSGSEND = YES;
				GCC_C_LANGUAGE_STANDARD = gnu11;
				GCC_NO_COMMON_BLOCKS = YES;
				GCC_WARN_64_TO_32_BIT_CONVERSION = YES;
				GCC_WARN_ABOUT_RETURN_TYPE = YES_ERROR;
				GCC_WARN_UNDECLARED_SELECTOR = YES;
				GCC_WARN_UNINITIALIZED_AUTOS = YES_AGGRESSIVE;
				GCC_WARN_UNUSED_FUNCTION = YES;
				GCC_WARN_UNUSED_VARIABLE = YES;
				IPHONEOS_DEPLOYMENT_TARGET = 14.2;
				MTL_ENABLE_DEBUG_INFO = NO;
				MTL_FAST_MATH = YES;
				SDKROOT = iphoneos;
				SWIFT_COMPILATION_MODE = wholemodule;
				SWIFT_OPTIMIZATION_LEVEL = "-O";
				VALIDATE_PRODUCT = YES;
			};
			name = Release;
		};
		05D958E326F7710E00292293 /* Debug */ = {
			isa = XCBuildConfiguration;
			baseConfigurationReference = 76258DE824C3883C1570010F /* Pods-MoviesAppTask_GizaSys.debug.xcconfig */;
			buildSettings = {
				ASSETCATALOG_COMPILER_APPICON_NAME = AppIcon;
				ASSETCATALOG_COMPILER_GLOBAL_ACCENT_COLOR_NAME = AccentColor;
				CODE_SIGN_STYLE = Automatic;
				INFOPLIST_FILE = MoviesAppTask_GizaSys/Info.plist;
				LD_RUNPATH_SEARCH_PATHS = (
					"$(inherited)",
					"@executable_path/Frameworks",
				);
				PRODUCT_BUNDLE_IDENTIFIER = "mosaber7.MoviesAppTask-GizaSys";
				PRODUCT_NAME = "$(TARGET_NAME)";
				SWIFT_VERSION = 5.0;
				TARGETED_DEVICE_FAMILY = "1,2";
			};
			name = Debug;
		};
		05D958E426F7710E00292293 /* Release */ = {
			isa = XCBuildConfiguration;
			baseConfigurationReference = 5CE896BF7B52AA4BF64C87EC /* Pods-MoviesAppTask_GizaSys.release.xcconfig */;
			buildSettings = {
				ASSETCATALOG_COMPILER_APPICON_NAME = AppIcon;
				ASSETCATALOG_COMPILER_GLOBAL_ACCENT_COLOR_NAME = AccentColor;
				CODE_SIGN_STYLE = Automatic;
				INFOPLIST_FILE = MoviesAppTask_GizaSys/Info.plist;
				LD_RUNPATH_SEARCH_PATHS = (
					"$(inherited)",
					"@executable_path/Frameworks",
				);
				PRODUCT_BUNDLE_IDENTIFIER = "mosaber7.MoviesAppTask-GizaSys";
				PRODUCT_NAME = "$(TARGET_NAME)";
				SWIFT_VERSION = 5.0;
				TARGETED_DEVICE_FAMILY = "1,2";
			};
			name = Release;
		};
		05D958E626F7710E00292293 /* Debug */ = {
			isa = XCBuildConfiguration;
			baseConfigurationReference = 98EA7E255F451CBE6EA7A6BE /* Pods-MoviesAppTask_GizaSysTests.debug.xcconfig */;
			buildSettings = {
				ALWAYS_EMBED_SWIFT_STANDARD_LIBRARIES = YES;
				BUNDLE_LOADER = "$(TEST_HOST)";
				CODE_SIGN_STYLE = Automatic;
				INFOPLIST_FILE = MoviesAppTask_GizaSysTests/Info.plist;
				IPHONEOS_DEPLOYMENT_TARGET = 14.2;
				LD_RUNPATH_SEARCH_PATHS = (
					"$(inherited)",
					"@executable_path/Frameworks",
					"@loader_path/Frameworks",
				);
				PRODUCT_BUNDLE_IDENTIFIER = "mosaber7.MoviesAppTask-GizaSysTests";
				PRODUCT_NAME = "$(TARGET_NAME)";
				SWIFT_VERSION = 5.0;
				TARGETED_DEVICE_FAMILY = "1,2";
				TEST_HOST = "$(BUILT_PRODUCTS_DIR)/MoviesAppTask_GizaSys.app/MoviesAppTask_GizaSys";
			};
			name = Debug;
		};
		05D958E726F7710E00292293 /* Release */ = {
			isa = XCBuildConfiguration;
			baseConfigurationReference = EFFB1AFB75B139428B9C25F0 /* Pods-MoviesAppTask_GizaSysTests.release.xcconfig */;
			buildSettings = {
				ALWAYS_EMBED_SWIFT_STANDARD_LIBRARIES = YES;
				BUNDLE_LOADER = "$(TEST_HOST)";
				CODE_SIGN_STYLE = Automatic;
				INFOPLIST_FILE = MoviesAppTask_GizaSysTests/Info.plist;
				IPHONEOS_DEPLOYMENT_TARGET = 14.2;
				LD_RUNPATH_SEARCH_PATHS = (
					"$(inherited)",
					"@executable_path/Frameworks",
					"@loader_path/Frameworks",
				);
				PRODUCT_BUNDLE_IDENTIFIER = "mosaber7.MoviesAppTask-GizaSysTests";
				PRODUCT_NAME = "$(TARGET_NAME)";
				SWIFT_VERSION = 5.0;
				TARGETED_DEVICE_FAMILY = "1,2";
				TEST_HOST = "$(BUILT_PRODUCTS_DIR)/MoviesAppTask_GizaSys.app/MoviesAppTask_GizaSys";
			};
			name = Release;
		};
		05D958E926F7710E00292293 /* Debug */ = {
			isa = XCBuildConfiguration;
			baseConfigurationReference = 0D90434251F90E6AD8D93AA2 /* Pods-MoviesAppTask_GizaSys-MoviesAppTask_GizaSysUITests.debug.xcconfig */;
			buildSettings = {
				ALWAYS_EMBED_SWIFT_STANDARD_LIBRARIES = YES;
				CODE_SIGN_STYLE = Automatic;
				INFOPLIST_FILE = MoviesAppTask_GizaSysUITests/Info.plist;
				LD_RUNPATH_SEARCH_PATHS = (
					"$(inherited)",
					"@executable_path/Frameworks",
					"@loader_path/Frameworks",
				);
				PRODUCT_BUNDLE_IDENTIFIER = "mosaber7.MoviesAppTask-GizaSysUITests";
				PRODUCT_NAME = "$(TARGET_NAME)";
				SWIFT_VERSION = 5.0;
				TARGETED_DEVICE_FAMILY = "1,2";
				TEST_TARGET_NAME = MoviesAppTask_GizaSys;
			};
			name = Debug;
		};
		05D958EA26F7710E00292293 /* Release */ = {
			isa = XCBuildConfiguration;
			baseConfigurationReference = 63E8045092106E68E32B3D27 /* Pods-MoviesAppTask_GizaSys-MoviesAppTask_GizaSysUITests.release.xcconfig */;
			buildSettings = {
				ALWAYS_EMBED_SWIFT_STANDARD_LIBRARIES = YES;
				CODE_SIGN_STYLE = Automatic;
				INFOPLIST_FILE = MoviesAppTask_GizaSysUITests/Info.plist;
				LD_RUNPATH_SEARCH_PATHS = (
					"$(inherited)",
					"@executable_path/Frameworks",
					"@loader_path/Frameworks",
				);
				PRODUCT_BUNDLE_IDENTIFIER = "mosaber7.MoviesAppTask-GizaSysUITests";
				PRODUCT_NAME = "$(TARGET_NAME)";
				SWIFT_VERSION = 5.0;
				TARGETED_DEVICE_FAMILY = "1,2";
				TEST_TARGET_NAME = MoviesAppTask_GizaSys;
			};
			name = Release;
		};
/* End XCBuildConfiguration section */

/* Begin XCConfigurationList section */
		05D958B026F7710D00292293 /* Build configuration list for PBXProject "MoviesAppTask_GizaSys" */ = {
			isa = XCConfigurationList;
			buildConfigurations = (
				05D958E026F7710E00292293 /* Debug */,
				05D958E126F7710E00292293 /* Release */,
			);
			defaultConfigurationIsVisible = 0;
			defaultConfigurationName = Release;
		};
		05D958E226F7710E00292293 /* Build configuration list for PBXNativeTarget "MoviesAppTask_GizaSys" */ = {
			isa = XCConfigurationList;
			buildConfigurations = (
				05D958E326F7710E00292293 /* Debug */,
				05D958E426F7710E00292293 /* Release */,
			);
			defaultConfigurationIsVisible = 0;
			defaultConfigurationName = Release;
		};
		05D958E526F7710E00292293 /* Build configuration list for PBXNativeTarget "MoviesAppTask_GizaSysTests" */ = {
			isa = XCConfigurationList;
			buildConfigurations = (
				05D958E626F7710E00292293 /* Debug */,
				05D958E726F7710E00292293 /* Release */,
			);
			defaultConfigurationIsVisible = 0;
			defaultConfigurationName = Release;
		};
		05D958E826F7710E00292293 /* Build configuration list for PBXNativeTarget "MoviesAppTask_GizaSysUITests" */ = {
			isa = XCConfigurationList;
			buildConfigurations = (
				05D958E926F7710E00292293 /* Debug */,
				05D958EA26F7710E00292293 /* Release */,
			);
			defaultConfigurationIsVisible = 0;
			defaultConfigurationName = Release;
		};
/* End XCConfigurationList section */

/* Begin XCVersionGroup section */
		05FCDB0F26FA2AD700007C94 /* MoviesApp.xcdatamodeld */ = {
			isa = XCVersionGroup;
			children = (
				05FCDB1026FA2AD700007C94 /* MoviesApp.xcdatamodel */,
			);
			currentVersion = 05FCDB1026FA2AD700007C94 /* MoviesApp.xcdatamodel */;
			path = MoviesApp.xcdatamodeld;
			sourceTree = "<group>";
			versionGroupType = wrapper.xcdatamodel;
		};
/* End XCVersionGroup section */
	};
	rootObject = 05D958AD26F7710D00292293 /* Project object */;
}
